
Microsoft Visual Studio Solution File, Format Version 12.00
# Visual Studio 15
VisualStudioVersion = 15.0.28010.2016
MinimumVisualStudioVersion = 10.0.40219.1
Project("{8BC9CEB8-8B4A-11D0-8D11-00A0C91BC942}") = "WinApi", "WinApi\WinApi.vcxproj", "{A9A33BB1-7AC8-4233-9320-3206F76E54DF}"
EndProject
Global
	GlobalSection(SolutionConfigurationPlatforms) = preSolution
		Debug|x64 = Debug|x64
		Debug|x86 = Debug|x86
		Release|x64 = Release|x64
		Release|x86 = Release|x86
	EndGlobalSection
	GlobalSection(ProjectConfigurationPlatforms) = postSolution
		{A9A33BB1-7AC8-4233-9320-3206F76E54DF}.Debug|x64.ActiveCfg = Debug|x64
		{A9A33BB1-7AC8-4233-9320-3206F76E54DF}.Debug|x64.Build.0 = Debug|x64
		{A9A33BB1-7AC8-4233-9320-3206F76E54DF}.Debug|x86.ActiveCfg = Debug|Win32
		{A9A33BB1-7AC8-4233-9320-3206F76E54DF}.Debug|x86.Build.0 = Debug|Win32
		{A9A33BB1-7AC8-4233-9320-3206F76E54DF}.Release|x64.ActiveCfg = Release|x64
		{A9A33BB1-7AC8-4233-9320-3206F76E54DF}.Release|x64.Build.0 = Release|x64
		{A9A33BB1-7AC8-4233-9320-3206F76E54DF}.Release|x86.ActiveCfg = Release|Win32
		{A9A33BB1-7AC8-4233-9320-3206F76E54DF}.Release|x86.Build.0 = Release|Win32
	EndGlobalSection
	GlobalSection(SolutionProperties) = preSolution
		HideSolutionNode = FALSE
	EndGlobalSection
	GlobalSection(ExtensibilityGlobals) = postSolution
		SolutionGuid = {EB738826-4C29-4EA7-B068-C9D560139AE5}
	EndGlobalSection
EndGlobal
